<?xml version="1.0" encoding="UTF-8"?>
<!DOCTYPE plist PUBLIC "-//Apple//DTD PLIST 1.0//EN" "http://www.apple.com/DTDs/PropertyList-1.0.dtd">
<plist version="1.0">
<dict>
	<key>archiveVersion</key>
	<string>1</string>
	<key>classes</key>
	<dict/>
	<key>objectVersion</key>
	<string>46</string>
	<key>objects</key>
	<dict>
		<key>00eecbfb84cce2332e6f5f8d</key>
		<dict>
			<key>fileRef</key>
			<string>CC4D3CA51A7A0FA5002DE13D</string>
			<key>isa</key>
			<string>PBXBuildFile</string>
		</dict>
		<key>0d4ba810f7723c687e7edb75</key>
		<dict>
			<key>buildConfigurationList</key>
			<string>589dee3cee1cb57c9f5b8438</string>
			<key>buildPhases</key>
			<array>
				<string>939f9d93479d25fff73f5fa9</string>
				<string>7c4aaecf3e9ccee66ff8d01e</string>
				<string>e625bc85110acfa04d0364ea</string>
			</array>
			<key>buildRules</key>
			<array/>
			<key>dependencies</key>
			<array/>
			<key>isa</key>
			<string>PBXNativeTarget</string>
			<key>name</key>
			<string>AdMobBannerTest-cal</string>
			<key>productName</key>
			<string>AdMobBannerTest-cal</string>
			<key>productReference</key>
			<string>dd2358eb7b58c8d14ca4cc8a</string>
			<key>productType</key>
			<string>com.apple.product-type.application</string>
		</dict>
		<key>13e1c46dd58b4ec4c227f06e</key>
		<dict>
			<key>fileEncoding</key>
			<string>4</string>
			<key>isa</key>
			<string>PBXFileReference</string>
			<key>lastKnownFileType</key>
			<string>wrapper.framework</string>
			<key>name</key>
			<string>CFNetwork.framework</string>
			<key>path</key>
			<string>System/Library/Frameworks/CFNetwork.framework</string>
			<key>sourceTree</key>
			<string>SDKROOT</string>
		</dict>
		<key>15659a51b1a617a35fa95c7f</key>
		<dict>
			<key>fileRef</key>
			<string>CC4D3CA21A7A0F08002DE13D</string>
			<key>isa</key>
			<string>PBXBuildFile</string>
		</dict>
		<key>1b23adcc5c10bae33b0fea1f</key>
		<dict>
			<key>fileRef</key>
			<string>CC4126AD1A78B44E0060434C</string>
			<key>isa</key>
			<string>PBXBuildFile</string>
		</dict>
		<key>1f7b9e63da3e26a0d292d82f</key>
		<dict>
			<key>fileRef</key>
			<string>CC4126AB1A78B44E0060434C</string>
			<key>isa</key>
			<string>PBXBuildFile</string>
		</dict>
		<key>1f90df7ac5295d97dfc6133f</key>
		<dict>
			<key>fileRef</key>
			<string>CC4D3CA71A7A0FA5002DE13D</string>
			<key>isa</key>
			<string>PBXBuildFile</string>
		</dict>
		<key>20d232bc737f61bd454959df</key>
		<dict>
			<key>fileRef</key>
			<string>CC4126A61A78B44E0060434C</string>
			<key>isa</key>
			<string>PBXBuildFile</string>
		</dict>
		<key>32f6d1f702bbdf508da3ef0d</key>
		<dict>
			<key>fileRef</key>
			<string>13e1c46dd58b4ec4c227f06e</string>
			<key>isa</key>
			<string>PBXBuildFile</string>
		</dict>
		<key>38b54eaf0ba2c5a5860cfc19</key>
		<dict>
			<key>buildSettings</key>
			<dict>
				<key>ASSETCATALOG_COMPILER_APPICON_NAME</key>
				<string>AppIcon</string>
				<key>FRAMEWORK_SEARCH_PATHS</key>
				<array>
					<string>$(inherited)</string>
					<string>"$(SRCROOT)"</string>
				</array>
				<key>INFOPLIST_FILE</key>
				<string>AdMobBannerTest/Info.plist</string>
				<key>LD_RUNPATH_SEARCH_PATHS</key>
				<string>$(inherited) @executable_path/Frameworks</string>
				<key>LIBRARY_SEARCH_PATHS</key>
				<array>
					<string>$(inherited)</string>
					<string>/Users/zAthan/Downloads/GoogleMobileAdsSdkiOS-6.12.2</string>
				</array>
				<key>OTHER_LDFLAGS</key>
				<array>
					<string>$(inherited)</string>
					<string>-force_load</string>
					<string>"$(SRCROOT)/calabash.framework/calabash"</string>
					<string>-lstdc++</string>
				</array>
				<key>PRODUCT_NAME</key>
				<string>$(TARGET_NAME)</string>
			</dict>
			<key>isa</key>
			<string>XCBuildConfiguration</string>
			<key>name</key>
			<string>Debug</string>
		</dict>
		<key>529857234437daf94285e85a</key>
		<dict>
			<key>fileRef</key>
			<string>CC4126A01A78B44E0060434C</string>
			<key>isa</key>
			<string>PBXBuildFile</string>
		</dict>
		<key>53d6d767d978d8d6dca8b817</key>
		<dict>
			<key>fileEncoding</key>
			<string>4</string>
			<key>isa</key>
			<string>PBXFileReference</string>
			<key>lastKnownFileType</key>
			<string>wrapper.framework</string>
			<key>name</key>
			<string>calabash.framework</string>
			<key>path</key>
			<string>calabash.framework</string>
			<key>sourceTree</key>
			<string>&lt;group&gt;</string>
		</dict>
		<key>589dee3cee1cb57c9f5b8438</key>
		<dict>
			<key>buildConfigurations</key>
			<array>
				<string>38b54eaf0ba2c5a5860cfc19</string>
				<string>fc62bf43b085b306036cd950</string>
			</array>
			<key>defaultConfigurationIsVisible</key>
			<string>0</string>
			<key>defaultConfigurationName</key>
			<string>Release</string>
			<key>isa</key>
			<string>XCConfigurationList</string>
		</dict>
		<key>7c4aaecf3e9ccee66ff8d01e</key>
		<dict>
			<key>buildActionMask</key>
			<string>2147483647</string>
			<key>files</key>
			<array>
				<string>00eecbfb84cce2332e6f5f8d</string>
				<string>ac4bc4c6b20cb8dbce827338</string>
				<string>1f90df7ac5295d97dfc6133f</string>
				<string>998b5904824a5a5e39a5e2b5</string>
				<string>9dcba40b962cda0dff0f6c53</string>
				<string>8c6130742cc96141a8e786c0</string>
				<string>8bde16eaa304837e9397120b</string>
				<string>9f6c4395f5ed42f5da80a803</string>
				<string>a1d129e4c09694fa82bdf32a</string>
				<string>32f6d1f702bbdf508da3ef0d</string>
				<string>bff86b81a0a1bb57deccf202</string>
			</array>
			<key>isa</key>
			<string>PBXFrameworksBuildPhase</string>
			<key>runOnlyForDeploymentPostprocessing</key>
			<string>0</string>
		</dict>
		<key>8bde16eaa304837e9397120b</key>
		<dict>
			<key>fileRef</key>
			<string>CC4D3CAB1A7A0FA5002DE13D</string>
			<key>isa</key>
			<string>PBXBuildFile</string>
		</dict>
		<key>8c6130742cc96141a8e786c0</key>
		<dict>
			<key>fileRef</key>
			<string>CC4D3CAA1A7A0FA5002DE13D</string>
			<key>isa</key>
			<string>PBXBuildFile</string>
		</dict>
		<key>939f9d93479d25fff73f5fa9</key>
		<dict>
			<key>buildActionMask</key>
			<string>2147483647</string>
			<key>files</key>
			<array>
				<string>20d232bc737f61bd454959df</string>
				<string>9a97dd4aeca9537b05c9afcb</string>
				<string>529857234437daf94285e85a</string>
			</array>
			<key>isa</key>
			<string>PBXSourcesBuildPhase</string>
			<key>runOnlyForDeploymentPostprocessing</key>
			<string>0</string>
		</dict>
		<key>998b5904824a5a5e39a5e2b5</key>
		<dict>
			<key>fileRef</key>
			<string>CC4D3CA81A7A0FA5002DE13D</string>
			<key>isa</key>
			<string>PBXBuildFile</string>
		</dict>
		<key>9a97dd4aeca9537b05c9afcb</key>
		<dict>
			<key>fileRef</key>
			<string>CC4126A31A78B44E0060434C</string>
			<key>isa</key>
			<string>PBXBuildFile</string>
		</dict>
		<key>9dcba40b962cda0dff0f6c53</key>
		<dict>
			<key>fileRef</key>
			<string>CC4D3CA91A7A0FA5002DE13D</string>
			<key>isa</key>
			<string>PBXBuildFile</string>
		</dict>
		<key>9f6c4395f5ed42f5da80a803</key>
		<dict>
			<key>fileRef</key>
			<string>CC4D3CAC1A7A0FA5002DE13D</string>
			<key>isa</key>
			<string>PBXBuildFile</string>
		</dict>
		<key>CC4126921A78B44E0060434C</key>
		<dict>
			<key>children</key>
			<array>
				<string>CCEA42521A7F792D0051FE9E</string>
				<string>CC4D3CA51A7A0FA5002DE13D</string>
				<string>CC4D3CA61A7A0FA5002DE13D</string>
				<string>CC4D3CA71A7A0FA5002DE13D</string>
				<string>CC4D3CA81A7A0FA5002DE13D</string>
				<string>CC4D3CA91A7A0FA5002DE13D</string>
				<string>CC4D3CAA1A7A0FA5002DE13D</string>
				<string>CC4D3CAB1A7A0FA5002DE13D</string>
				<string>CC4D3CAC1A7A0FA5002DE13D</string>
				<string>CC4D3C811A7A0F08002DE13D</string>
				<string>CC41269D1A78B44E0060434C</string>
				<string>CC4126B71A78B44E0060434C</string>
				<string>CC41269C1A78B44E0060434C</string>
			</array>
			<key>isa</key>
			<string>PBXGroup</string>
			<key>sourceTree</key>
			<string>&lt;group&gt;</string>
		</dict>
		<key>CC4126931A78B44E0060434C</key>
		<dict>
			<key>attributes</key>
			<dict>
				<key>LastUpgradeCheck</key>
				<string>0610</string>
				<key>ORGANIZATIONNAME</key>
				<string>Athan</string>
				<key>TargetAttributes</key>
				<dict>
					<key>CC41269A1A78B44E0060434C</key>
					<dict>
						<key>CreatedOnToolsVersion</key>
						<string>6.1.1</string>
					</dict>
					<key>CC4126B31A78B44E0060434C</key>
					<dict>
						<key>CreatedOnToolsVersion</key>
						<string>6.1.1</string>
						<key>TestTargetID</key>
						<string>CC41269A1A78B44E0060434C</string>
					</dict>
				</dict>
			</dict>
			<key>buildConfigurationList</key>
			<string>CC4126961A78B44E0060434C</string>
			<key>compatibilityVersion</key>
			<string>Xcode 3.2</string>
			<key>developmentRegion</key>
			<string>English</string>
			<key>hasScannedForEncodings</key>
			<string>0</string>
			<key>isa</key>
			<string>PBXProject</string>
			<key>knownRegions</key>
			<array>
				<string>en</string>
				<string>Base</string>
			</array>
			<key>mainGroup</key>
			<string>CC4126921A78B44E0060434C</string>
			<key>productRefGroup</key>
			<string>CC41269C1A78B44E0060434C</string>
			<key>projectDirPath</key>
			<string></string>
			<key>projectRoot</key>
			<string></string>
			<key>targets</key>
			<array>
				<string>CC41269A1A78B44E0060434C</string>
				<string>CC4126B31A78B44E0060434C</string>
				<string>0d4ba810f7723c687e7edb75</string>
			</array>
		</dict>
		<key>CC4126961A78B44E0060434C</key>
		<dict>
			<key>buildConfigurations</key>
			<array>
				<string>CC4126BC1A78B44F0060434C</string>
				<string>CC4126BD1A78B44F0060434C</string>
			</array>
			<key>defaultConfigurationIsVisible</key>
			<string>0</string>
			<key>defaultConfigurationName</key>
			<string>Release</string>
			<key>isa</key>
			<string>XCConfigurationList</string>
		</dict>
		<key>CC4126971A78B44E0060434C</key>
		<dict>
			<key>buildActionMask</key>
			<string>2147483647</string>
			<key>files</key>
			<array>
				<string>CC4126A71A78B44E0060434C</string>
				<string>CC4126A41A78B44E0060434C</string>
				<string>CC4126A11A78B44E0060434C</string>
			</array>
			<key>isa</key>
			<string>PBXSourcesBuildPhase</string>
			<key>runOnlyForDeploymentPostprocessing</key>
			<string>0</string>
		</dict>
		<key>CC4126981A78B44E0060434C</key>
		<dict>
			<key>buildActionMask</key>
			<string>2147483647</string>
			<key>files</key>
			<array>
				<string>CC4D3CAD1A7A0FA5002DE13D</string>
				<string>CC4D3CAE1A7A0FA5002DE13D</string>
				<string>CC4D3CAF1A7A0FA5002DE13D</string>
				<string>CC4D3CB01A7A0FA5002DE13D</string>
				<string>CC4D3CB11A7A0FA5002DE13D</string>
				<string>CC4D3CB21A7A0FA5002DE13D</string>
				<string>CC4D3CB31A7A0FA5002DE13D</string>
				<string>CC4D3CB41A7A0FA5002DE13D</string>
				<string>CC4D3CA31A7A0F08002DE13D</string>
			</array>
			<key>isa</key>
			<string>PBXFrameworksBuildPhase</string>
			<key>runOnlyForDeploymentPostprocessing</key>
			<string>0</string>
		</dict>
		<key>CC4126991A78B44E0060434C</key>
		<dict>
			<key>buildActionMask</key>
			<string>2147483647</string>
			<key>files</key>
			<array>
				<string>CC4126AA1A78B44E0060434C</string>
				<string>CC4126AF1A78B44E0060434C</string>
				<string>CC4D3CA41A7A0F09002DE13D</string>
				<string>CC4126AC1A78B44E0060434C</string>
			</array>
			<key>isa</key>
			<string>PBXResourcesBuildPhase</string>
			<key>runOnlyForDeploymentPostprocessing</key>
			<string>0</string>
		</dict>
		<key>CC41269A1A78B44E0060434C</key>
		<dict>
			<key>buildConfigurationList</key>
			<string>CC4126BE1A78B44F0060434C</string>
			<key>buildPhases</key>
			<array>
				<string>CC4126971A78B44E0060434C</string>
				<string>CC4126981A78B44E0060434C</string>
				<string>CC4126991A78B44E0060434C</string>
			</array>
			<key>buildRules</key>
			<array/>
			<key>dependencies</key>
			<array/>
			<key>isa</key>
			<string>PBXNativeTarget</string>
			<key>name</key>
			<string>AdMobBannerTest</string>
			<key>productName</key>
			<string>AdMobBannerTest</string>
			<key>productReference</key>
			<string>CC41269B1A78B44E0060434C</string>
			<key>productType</key>
			<string>com.apple.product-type.application</string>
		</dict>
		<key>CC41269B1A78B44E0060434C</key>
		<dict>
			<key>explicitFileType</key>
			<string>wrapper.application</string>
			<key>includeInIndex</key>
			<string>0</string>
			<key>isa</key>
			<string>PBXFileReference</string>
			<key>path</key>
			<string>AdMobBannerTest.app</string>
			<key>sourceTree</key>
			<string>BUILT_PRODUCTS_DIR</string>
		</dict>
		<key>CC41269C1A78B44E0060434C</key>
		<dict>
			<key>children</key>
			<array>
				<string>CC41269B1A78B44E0060434C</string>
				<string>CC4126B41A78B44E0060434C</string>
			</array>
			<key>isa</key>
			<string>PBXGroup</string>
			<key>name</key>
			<string>Products</string>
			<key>sourceTree</key>
			<string>&lt;group&gt;</string>
		</dict>
		<key>CC41269D1A78B44E0060434C</key>
		<dict>
			<key>children</key>
			<array>
				<string>CC4126A21A78B44E0060434C</string>
				<string>CC4126A31A78B44E0060434C</string>
				<string>CC4126A51A78B44E0060434C</string>
				<string>CC4126A61A78B44E0060434C</string>
				<string>CC4126A81A78B44E0060434C</string>
				<string>CC4126AB1A78B44E0060434C</string>
				<string>CC4126AD1A78B44E0060434C</string>
				<string>CC41269E1A78B44E0060434C</string>
			</array>
			<key>isa</key>
			<string>PBXGroup</string>
			<key>path</key>
			<string>AdMobBannerTest</string>
			<key>sourceTree</key>
			<string>&lt;group&gt;</string>
		</dict>
		<key>CC41269E1A78B44E0060434C</key>
		<dict>
			<key>children</key>
			<array>
				<string>CC41269F1A78B44E0060434C</string>
				<string>CC4126A01A78B44E0060434C</string>
			</array>
			<key>isa</key>
			<string>PBXGroup</string>
			<key>name</key>
			<string>Supporting Files</string>
			<key>sourceTree</key>
			<string>&lt;group&gt;</string>
		</dict>
		<key>CC41269F1A78B44E0060434C</key>
		<dict>
			<key>isa</key>
			<string>PBXFileReference</string>
			<key>lastKnownFileType</key>
			<string>text.plist.xml</string>
			<key>path</key>
			<string>Info.plist</string>
			<key>sourceTree</key>
			<string>&lt;group&gt;</string>
		</dict>
		<key>CC4126A01A78B44E0060434C</key>
		<dict>
			<key>isa</key>
			<string>PBXFileReference</string>
			<key>lastKnownFileType</key>
			<string>sourcecode.c.objc</string>
			<key>path</key>
			<string>main.m</string>
			<key>sourceTree</key>
			<string>&lt;group&gt;</string>
		</dict>
		<key>CC4126A11A78B44E0060434C</key>
		<dict>
			<key>fileRef</key>
			<string>CC4126A01A78B44E0060434C</string>
			<key>isa</key>
			<string>PBXBuildFile</string>
		</dict>
		<key>CC4126A21A78B44E0060434C</key>
		<dict>
			<key>isa</key>
			<string>PBXFileReference</string>
			<key>lastKnownFileType</key>
			<string>sourcecode.c.h</string>
			<key>path</key>
			<string>AppDelegate.h</string>
			<key>sourceTree</key>
			<string>&lt;group&gt;</string>
		</dict>
		<key>CC4126A31A78B44E0060434C</key>
		<dict>
			<key>isa</key>
			<string>PBXFileReference</string>
			<key>lastKnownFileType</key>
			<string>sourcecode.c.objc</string>
			<key>path</key>
			<string>AppDelegate.m</string>
			<key>sourceTree</key>
			<string>&lt;group&gt;</string>
		</dict>
		<key>CC4126A41A78B44E0060434C</key>
		<dict>
			<key>fileRef</key>
			<string>CC4126A31A78B44E0060434C</string>
			<key>isa</key>
			<string>PBXBuildFile</string>
		</dict>
		<key>CC4126A51A78B44E0060434C</key>
		<dict>
			<key>isa</key>
			<string>PBXFileReference</string>
			<key>lastKnownFileType</key>
			<string>sourcecode.c.h</string>
			<key>path</key>
			<string>ViewController.h</string>
			<key>sourceTree</key>
			<string>&lt;group&gt;</string>
		</dict>
		<key>CC4126A61A78B44E0060434C</key>
		<dict>
			<key>isa</key>
			<string>PBXFileReference</string>
			<key>lastKnownFileType</key>
			<string>sourcecode.c.objc</string>
			<key>path</key>
			<string>ViewController.m</string>
			<key>sourceTree</key>
			<string>&lt;group&gt;</string>
		</dict>
		<key>CC4126A71A78B44E0060434C</key>
		<dict>
			<key>fileRef</key>
			<string>CC4126A61A78B44E0060434C</string>
			<key>isa</key>
			<string>PBXBuildFile</string>
		</dict>
		<key>CC4126A81A78B44E0060434C</key>
		<dict>
			<key>children</key>
			<array>
				<string>CC4126A91A78B44E0060434C</string>
			</array>
			<key>isa</key>
			<string>PBXVariantGroup</string>
			<key>name</key>
			<string>Main.storyboard</string>
			<key>sourceTree</key>
			<string>&lt;group&gt;</string>
		</dict>
		<key>CC4126A91A78B44E0060434C</key>
		<dict>
			<key>isa</key>
			<string>PBXFileReference</string>
			<key>lastKnownFileType</key>
			<string>file.storyboard</string>
			<key>name</key>
			<string>Base</string>
			<key>path</key>
			<string>Base.lproj/Main.storyboard</string>
			<key>sourceTree</key>
			<string>&lt;group&gt;</string>
		</dict>
		<key>CC4126AA1A78B44E0060434C</key>
		<dict>
			<key>fileRef</key>
			<string>CC4126A81A78B44E0060434C</string>
			<key>isa</key>
			<string>PBXBuildFile</string>
		</dict>
		<key>CC4126AB1A78B44E0060434C</key>
		<dict>
			<key>isa</key>
			<string>PBXFileReference</string>
			<key>lastKnownFileType</key>
			<string>folder.assetcatalog</string>
			<key>path</key>
			<string>Images.xcassets</string>
			<key>sourceTree</key>
			<string>&lt;group&gt;</string>
		</dict>
		<key>CC4126AC1A78B44E0060434C</key>
		<dict>
			<key>fileRef</key>
			<string>CC4126AB1A78B44E0060434C</string>
			<key>isa</key>
			<string>PBXBuildFile</string>
		</dict>
		<key>CC4126AD1A78B44E0060434C</key>
		<dict>
			<key>children</key>
			<array>
				<string>CC4126AE1A78B44E0060434C</string>
			</array>
			<key>isa</key>
			<string>PBXVariantGroup</string>
			<key>name</key>
			<string>LaunchScreen.xib</string>
			<key>sourceTree</key>
			<string>&lt;group&gt;</string>
		</dict>
		<key>CC4126AE1A78B44E0060434C</key>
		<dict>
			<key>isa</key>
			<string>PBXFileReference</string>
			<key>lastKnownFileType</key>
			<string>file.xib</string>
			<key>name</key>
			<string>Base</string>
			<key>path</key>
			<string>Base.lproj/LaunchScreen.xib</string>
			<key>sourceTree</key>
			<string>&lt;group&gt;</string>
		</dict>
		<key>CC4126AF1A78B44E0060434C</key>
		<dict>
			<key>fileRef</key>
			<string>CC4126AD1A78B44E0060434C</string>
			<key>isa</key>
			<string>PBXBuildFile</string>
		</dict>
		<key>CC4126B01A78B44E0060434C</key>
		<dict>
			<key>buildActionMask</key>
			<string>2147483647</string>
			<key>files</key>
			<array>
				<string>CC4126BB1A78B44F0060434C</string>
			</array>
			<key>isa</key>
			<string>PBXSourcesBuildPhase</string>
			<key>runOnlyForDeploymentPostprocessing</key>
			<string>0</string>
		</dict>
		<key>CC4126B11A78B44E0060434C</key>
		<dict>
			<key>buildActionMask</key>
			<string>2147483647</string>
			<key>files</key>
			<array/>
			<key>isa</key>
			<string>PBXFrameworksBuildPhase</string>
			<key>runOnlyForDeploymentPostprocessing</key>
			<string>0</string>
		</dict>
		<key>CC4126B21A78B44E0060434C</key>
		<dict>
			<key>buildActionMask</key>
			<string>2147483647</string>
			<key>files</key>
			<array/>
			<key>isa</key>
			<string>PBXResourcesBuildPhase</string>
			<key>runOnlyForDeploymentPostprocessing</key>
			<string>0</string>
		</dict>
		<key>CC4126B31A78B44E0060434C</key>
		<dict>
			<key>buildConfigurationList</key>
			<string>CC4126C11A78B44F0060434C</string>
			<key>buildPhases</key>
			<array>
				<string>CC4126B01A78B44E0060434C</string>
				<string>CC4126B11A78B44E0060434C</string>
				<string>CC4126B21A78B44E0060434C</string>
			</array>
			<key>buildRules</key>
			<array/>
			<key>dependencies</key>
			<array>
				<string>CC4126B61A78B44E0060434C</string>
			</array>
			<key>isa</key>
			<string>PBXNativeTarget</string>
			<key>name</key>
			<string>AdMobBannerTestTests</string>
			<key>productName</key>
			<string>AdMobBannerTestTests</string>
			<key>productReference</key>
			<string>CC4126B41A78B44E0060434C</string>
			<key>productType</key>
			<string>com.apple.product-type.bundle.unit-test</string>
		</dict>
		<key>CC4126B41A78B44E0060434C</key>
		<dict>
			<key>explicitFileType</key>
			<string>wrapper.cfbundle</string>
			<key>includeInIndex</key>
			<string>0</string>
			<key>isa</key>
			<string>PBXFileReference</string>
			<key>path</key>
			<string>AdMobBannerTestTests.xctest</string>
			<key>sourceTree</key>
			<string>BUILT_PRODUCTS_DIR</string>
		</dict>
		<key>CC4126B51A78B44E0060434C</key>
		<dict>
			<key>containerPortal</key>
			<string>CC4126931A78B44E0060434C</string>
			<key>isa</key>
			<string>PBXContainerItemProxy</string>
			<key>proxyType</key>
			<string>1</string>
			<key>remoteGlobalIDString</key>
			<string>CC41269A1A78B44E0060434C</string>
			<key>remoteInfo</key>
			<string>AdMobBannerTest</string>
		</dict>
		<key>CC4126B61A78B44E0060434C</key>
		<dict>
			<key>isa</key>
			<string>PBXTargetDependency</string>
			<key>target</key>
			<string>CC41269A1A78B44E0060434C</string>
			<key>targetProxy</key>
			<string>CC4126B51A78B44E0060434C</string>
		</dict>
		<key>CC4126B71A78B44E0060434C</key>
		<dict>
			<key>children</key>
			<array>
				<string>CC4126BA1A78B44F0060434C</string>
				<string>CC4126B81A78B44F0060434C</string>
			</array>
			<key>isa</key>
			<string>PBXGroup</string>
			<key>path</key>
			<string>AdMobBannerTestTests</string>
			<key>sourceTree</key>
			<string>&lt;group&gt;</string>
		</dict>
		<key>CC4126B81A78B44F0060434C</key>
		<dict>
			<key>children</key>
			<array>
				<string>CC4126B91A78B44F0060434C</string>
			</array>
			<key>isa</key>
			<string>PBXGroup</string>
			<key>name</key>
			<string>Supporting Files</string>
			<key>sourceTree</key>
			<string>&lt;group&gt;</string>
		</dict>
		<key>CC4126B91A78B44F0060434C</key>
		<dict>
			<key>isa</key>
			<string>PBXFileReference</string>
			<key>lastKnownFileType</key>
			<string>text.plist.xml</string>
			<key>path</key>
			<string>Info.plist</string>
			<key>sourceTree</key>
			<string>&lt;group&gt;</string>
		</dict>
		<key>CC4126BA1A78B44F0060434C</key>
		<dict>
			<key>isa</key>
			<string>PBXFileReference</string>
			<key>lastKnownFileType</key>
			<string>sourcecode.c.objc</string>
			<key>path</key>
			<string>AdMobBannerTestTests.m</string>
			<key>sourceTree</key>
			<string>&lt;group&gt;</string>
		</dict>
		<key>CC4126BB1A78B44F0060434C</key>
		<dict>
			<key>fileRef</key>
			<string>CC4126BA1A78B44F0060434C</string>
			<key>isa</key>
			<string>PBXBuildFile</string>
		</dict>
		<key>CC4126BC1A78B44F0060434C</key>
		<dict>
			<key>buildSettings</key>
			<dict>
				<key>ALWAYS_SEARCH_USER_PATHS</key>
				<string>NO</string>
				<key>CLANG_CXX_LANGUAGE_STANDARD</key>
				<string>gnu++0x</string>
				<key>CLANG_CXX_LIBRARY</key>
				<string>libc++</string>
				<key>CLANG_ENABLE_MODULES</key>
				<string>YES</string>
				<key>CLANG_ENABLE_OBJC_ARC</key>
				<string>YES</string>
				<key>CLANG_WARN_BOOL_CONVERSION</key>
				<string>YES</string>
				<key>CLANG_WARN_CONSTANT_CONVERSION</key>
				<string>YES</string>
				<key>CLANG_WARN_DIRECT_OBJC_ISA_USAGE</key>
				<string>YES_ERROR</string>
				<key>CLANG_WARN_EMPTY_BODY</key>
				<string>YES</string>
				<key>CLANG_WARN_ENUM_CONVERSION</key>
				<string>YES</string>
				<key>CLANG_WARN_INT_CONVERSION</key>
				<string>YES</string>
				<key>CLANG_WARN_OBJC_ROOT_CLASS</key>
				<string>YES_ERROR</string>
				<key>CLANG_WARN_UNREACHABLE_CODE</key>
				<string>YES</string>
				<key>CLANG_WARN__DUPLICATE_METHOD_MATCH</key>
				<string>YES</string>
				<key>CODE_SIGN_IDENTITY[sdk=iphoneos*]</key>
				<string>iPhone Developer</string>
				<key>COPY_PHASE_STRIP</key>
				<string>NO</string>
				<key>ENABLE_STRICT_OBJC_MSGSEND</key>
				<string>YES</string>
				<key>GCC_C_LANGUAGE_STANDARD</key>
				<string>gnu99</string>
				<key>GCC_DYNAMIC_NO_PIC</key>
				<string>NO</string>
				<key>GCC_OPTIMIZATION_LEVEL</key>
				<string>0</string>
				<key>GCC_PREPROCESSOR_DEFINITIONS</key>
				<array>
					<string>DEBUG=1</string>
					<string>$(inherited)</string>
				</array>
				<key>GCC_SYMBOLS_PRIVATE_EXTERN</key>
				<string>NO</string>
				<key>GCC_WARN_64_TO_32_BIT_CONVERSION</key>
				<string>YES</string>
				<key>GCC_WARN_ABOUT_RETURN_TYPE</key>
				<string>YES_ERROR</string>
				<key>GCC_WARN_UNDECLARED_SELECTOR</key>
				<string>YES</string>
				<key>GCC_WARN_UNINITIALIZED_AUTOS</key>
				<string>YES_AGGRESSIVE</string>
				<key>GCC_WARN_UNUSED_FUNCTION</key>
				<string>YES</string>
				<key>GCC_WARN_UNUSED_VARIABLE</key>
				<string>YES</string>
				<key>IPHONEOS_DEPLOYMENT_TARGET</key>
				<string>8.1</string>
				<key>MTL_ENABLE_DEBUG_INFO</key>
				<string>YES</string>
				<key>ONLY_ACTIVE_ARCH</key>
				<string>YES</string>
				<key>OTHER_LDFLAGS</key>
				<string>-ObjC</string>
				<key>SDKROOT</key>
				<string>iphoneos</string>
			</dict>
			<key>isa</key>
			<string>XCBuildConfiguration</string>
			<key>name</key>
			<string>Debug</string>
		</dict>
		<key>CC4126BD1A78B44F0060434C</key>
		<dict>
			<key>buildSettings</key>
			<dict>
				<key>ALWAYS_SEARCH_USER_PATHS</key>
				<string>NO</string>
				<key>CLANG_CXX_LANGUAGE_STANDARD</key>
				<string>gnu++0x</string>
				<key>CLANG_CXX_LIBRARY</key>
				<string>libc++</string>
				<key>CLANG_ENABLE_MODULES</key>
				<string>YES</string>
				<key>CLANG_ENABLE_OBJC_ARC</key>
				<string>YES</string>
				<key>CLANG_WARN_BOOL_CONVERSION</key>
				<string>YES</string>
				<key>CLANG_WARN_CONSTANT_CONVERSION</key>
				<string>YES</string>
				<key>CLANG_WARN_DIRECT_OBJC_ISA_USAGE</key>
				<string>YES_ERROR</string>
				<key>CLANG_WARN_EMPTY_BODY</key>
				<string>YES</string>
				<key>CLANG_WARN_ENUM_CONVERSION</key>
				<string>YES</string>
				<key>CLANG_WARN_INT_CONVERSION</key>
				<string>YES</string>
				<key>CLANG_WARN_OBJC_ROOT_CLASS</key>
				<string>YES_ERROR</string>
				<key>CLANG_WARN_UNREACHABLE_CODE</key>
				<string>YES</string>
				<key>CLANG_WARN__DUPLICATE_METHOD_MATCH</key>
				<string>YES</string>
				<key>CODE_SIGN_IDENTITY[sdk=iphoneos*]</key>
				<string>iPhone Developer</string>
				<key>COPY_PHASE_STRIP</key>
				<string>YES</string>
				<key>ENABLE_NS_ASSERTIONS</key>
				<string>NO</string>
				<key>ENABLE_STRICT_OBJC_MSGSEND</key>
				<string>YES</string>
				<key>GCC_C_LANGUAGE_STANDARD</key>
				<string>gnu99</string>
				<key>GCC_WARN_64_TO_32_BIT_CONVERSION</key>
				<string>YES</string>
				<key>GCC_WARN_ABOUT_RETURN_TYPE</key>
				<string>YES_ERROR</string>
				<key>GCC_WARN_UNDECLARED_SELECTOR</key>
				<string>YES</string>
				<key>GCC_WARN_UNINITIALIZED_AUTOS</key>
				<string>YES_AGGRESSIVE</string>
				<key>GCC_WARN_UNUSED_FUNCTION</key>
				<string>YES</string>
				<key>GCC_WARN_UNUSED_VARIABLE</key>
				<string>YES</string>
				<key>IPHONEOS_DEPLOYMENT_TARGET</key>
				<string>8.1</string>
				<key>MTL_ENABLE_DEBUG_INFO</key>
				<string>NO</string>
				<key>OTHER_LDFLAGS</key>
				<string>-ObjC</string>
				<key>SDKROOT</key>
				<string>iphoneos</string>
				<key>VALIDATE_PRODUCT</key>
				<string>YES</string>
			</dict>
			<key>isa</key>
			<string>XCBuildConfiguration</string>
			<key>name</key>
			<string>Release</string>
		</dict>
		<key>CC4126BE1A78B44F0060434C</key>
		<dict>
			<key>buildConfigurations</key>
			<array>
				<string>CC4126BF1A78B44F0060434C</string>
				<string>CC4126C01A78B44F0060434C</string>
			</array>
			<key>defaultConfigurationIsVisible</key>
			<string>0</string>
			<key>defaultConfigurationName</key>
			<string>Release</string>
			<key>isa</key>
			<string>XCConfigurationList</string>
		</dict>
		<key>CC4126BF1A78B44F0060434C</key>
		<dict>
			<key>buildSettings</key>
			<dict>
				<key>ASSETCATALOG_COMPILER_APPICON_NAME</key>
				<string>AppIcon</string>
				<key>INFOPLIST_FILE</key>
				<string>AdMobBannerTest/Info.plist</string>
				<key>LD_RUNPATH_SEARCH_PATHS</key>
				<string>$(inherited) @executable_path/Frameworks</string>
				<key>LIBRARY_SEARCH_PATHS</key>
				<array>
					<string>$(inherited)</string>
					<string>/Users/zAthan/Downloads/GoogleMobileAdsSdkiOS-6.12.2</string>
				</array>
				<key>PRODUCT_NAME</key>
				<string>$(TARGET_NAME)</string>
			</dict>
			<key>isa</key>
			<string>XCBuildConfiguration</string>
			<key>name</key>
			<string>Debug</string>
		</dict>
		<key>CC4126C01A78B44F0060434C</key>
		<dict>
			<key>buildSettings</key>
			<dict>
				<key>ASSETCATALOG_COMPILER_APPICON_NAME</key>
				<string>AppIcon</string>
				<key>INFOPLIST_FILE</key>
				<string>AdMobBannerTest/Info.plist</string>
				<key>LD_RUNPATH_SEARCH_PATHS</key>
				<string>$(inherited) @executable_path/Frameworks</string>
				<key>LIBRARY_SEARCH_PATHS</key>
				<array>
					<string>$(inherited)</string>
					<string>/Users/zAthan/Downloads/GoogleMobileAdsSdkiOS-6.12.2</string>
				</array>
				<key>PRODUCT_NAME</key>
				<string>$(TARGET_NAME)</string>
			</dict>
			<key>isa</key>
			<string>XCBuildConfiguration</string>
			<key>name</key>
			<string>Release</string>
		</dict>
		<key>CC4126C11A78B44F0060434C</key>
		<dict>
			<key>buildConfigurations</key>
			<array>
				<string>CC4126C21A78B44F0060434C</string>
				<string>CC4126C31A78B44F0060434C</string>
			</array>
			<key>defaultConfigurationIsVisible</key>
			<string>0</string>
			<key>defaultConfigurationName</key>
			<string>Release</string>
			<key>isa</key>
			<string>XCConfigurationList</string>
		</dict>
		<key>CC4126C21A78B44F0060434C</key>
		<dict>
			<key>buildSettings</key>
			<dict>
				<key>BUNDLE_LOADER</key>
				<string>$(TEST_HOST)</string>
				<key>FRAMEWORK_SEARCH_PATHS</key>
				<array>
					<string>$(SDKROOT)/Developer/Library/Frameworks</string>
					<string>$(inherited)</string>
				</array>
				<key>GCC_PREPROCESSOR_DEFINITIONS</key>
				<array>
					<string>DEBUG=1</string>
					<string>$(inherited)</string>
				</array>
				<key>INFOPLIST_FILE</key>
				<string>AdMobBannerTestTests/Info.plist</string>
				<key>LD_RUNPATH_SEARCH_PATHS</key>
				<string>$(inherited) @executable_path/Frameworks @loader_path/Frameworks</string>
				<key>PRODUCT_NAME</key>
				<string>$(TARGET_NAME)</string>
				<key>TEST_HOST</key>
				<string>$(BUILT_PRODUCTS_DIR)/AdMobBannerTest.app/AdMobBannerTest</string>
			</dict>
			<key>isa</key>
			<string>XCBuildConfiguration</string>
			<key>name</key>
			<string>Debug</string>
		</dict>
		<key>CC4126C31A78B44F0060434C</key>
		<dict>
			<key>buildSettings</key>
			<dict>
				<key>BUNDLE_LOADER</key>
				<string>$(TEST_HOST)</string>
				<key>FRAMEWORK_SEARCH_PATHS</key>
				<array>
					<string>$(SDKROOT)/Developer/Library/Frameworks</string>
					<string>$(inherited)</string>
				</array>
				<key>INFOPLIST_FILE</key>
				<string>AdMobBannerTestTests/Info.plist</string>
				<key>LD_RUNPATH_SEARCH_PATHS</key>
				<string>$(inherited) @executable_path/Frameworks @loader_path/Frameworks</string>
				<key>PRODUCT_NAME</key>
				<string>$(TARGET_NAME)</string>
				<key>TEST_HOST</key>
				<string>$(BUILT_PRODUCTS_DIR)/AdMobBannerTest.app/AdMobBannerTest</string>
			</dict>
			<key>isa</key>
			<string>XCBuildConfiguration</string>
			<key>name</key>
			<string>Release</string>
		</dict>
		<key>CC4D3C811A7A0F08002DE13D</key>
		<dict>
			<key>children</key>
			<array>
				<string>CC4D3C821A7A0F08002DE13D</string>
				<string>CC4D3C951A7A0F08002DE13D</string>
				<string>CC4D3C961A7A0F08002DE13D</string>
				<string>CC4D3C971A7A0F08002DE13D</string>
				<string>CC4D3C981A7A0F08002DE13D</string>
				<string>CC4D3C991A7A0F08002DE13D</string>
				<string>CC4D3C9A1A7A0F08002DE13D</string>
				<string>CC4D3C9B1A7A0F08002DE13D</string>
				<string>CC4D3C9C1A7A0F08002DE13D</string>
				<string>CC4D3C9D1A7A0F08002DE13D</string>
				<string>CC4D3C9E1A7A0F08002DE13D</string>
				<string>CC4D3C9F1A7A0F08002DE13D</string>
				<string>CC4D3CA01A7A0F08002DE13D</string>
				<string>CC4D3CA11A7A0F08002DE13D</string>
				<string>CC4D3CA21A7A0F08002DE13D</string>
			</array>
			<key>isa</key>
			<string>PBXGroup</string>
			<key>name</key>
			<string>GoogleMobileAdsSdkiOS-6.12.2</string>
			<key>path</key>
			<string>../../../Downloads/GoogleMobileAdsSdkiOS-6.12.2</string>
			<key>sourceTree</key>
			<string>&lt;group&gt;</string>
		</dict>
		<key>CC4D3C821A7A0F08002DE13D</key>
		<dict>
			<key>children</key>
			<array>
				<string>CC4D3C831A7A0F08002DE13D</string>
				<string>CC4D3C8B1A7A0F08002DE13D</string>
				<string>CC4D3C921A7A0F08002DE13D</string>
			</array>
			<key>isa</key>
			<string>PBXGroup</string>
			<key>path</key>
			<string>Add-ons</string>
			<key>sourceTree</key>
			<string>&lt;group&gt;</string>
		</dict>
		<key>CC4D3C831A7A0F08002DE13D</key>
		<dict>
			<key>children</key>
			<array>
				<string>CC4D3C841A7A0F08002DE13D</string>
				<string>CC4D3C851A7A0F08002DE13D</string>
				<string>CC4D3C861A7A0F08002DE13D</string>
				<string>CC4D3C871A7A0F08002DE13D</string>
				<string>CC4D3C881A7A0F08002DE13D</string>
				<string>CC4D3C891A7A0F08002DE13D</string>
				<string>CC4D3C8A1A7A0F08002DE13D</string>
			</array>
			<key>isa</key>
			<string>PBXGroup</string>
			<key>path</key>
			<string>DoubleClick</string>
			<key>sourceTree</key>
			<string>&lt;group&gt;</string>
		</dict>
		<key>CC4D3C841A7A0F08002DE13D</key>
		<dict>
			<key>fileEncoding</key>
			<string>4</string>
			<key>isa</key>
			<string>PBXFileReference</string>
			<key>lastKnownFileType</key>
			<string>sourcecode.c.h</string>
			<key>path</key>
			<string>DFPBannerView.h</string>
			<key>sourceTree</key>
			<string>&lt;group&gt;</string>
		</dict>
		<key>CC4D3C851A7A0F08002DE13D</key>
		<dict>
			<key>fileEncoding</key>
			<string>4</string>
			<key>isa</key>
			<string>PBXFileReference</string>
			<key>lastKnownFileType</key>
			<string>sourcecode.c.h</string>
			<key>path</key>
			<string>DFPExtras.h</string>
			<key>sourceTree</key>
			<string>&lt;group&gt;</string>
		</dict>
		<key>CC4D3C861A7A0F08002DE13D</key>
		<dict>
			<key>fileEncoding</key>
			<string>4</string>
			<key>isa</key>
			<string>PBXFileReference</string>
			<key>lastKnownFileType</key>
			<string>sourcecode.c.h</string>
			<key>path</key>
			<string>DFPInterstitial.h</string>
			<key>sourceTree</key>
			<string>&lt;group&gt;</string>
		</dict>
		<key>CC4D3C871A7A0F08002DE13D</key>
		<dict>
			<key>fileEncoding</key>
			<string>4</string>
			<key>isa</key>
			<string>PBXFileReference</string>
			<key>lastKnownFileType</key>
			<string>sourcecode.c.h</string>
			<key>path</key>
			<string>DFPSwipeableBannerView.h</string>
			<key>sourceTree</key>
			<string>&lt;group&gt;</string>
		</dict>
		<key>CC4D3C881A7A0F08002DE13D</key>
		<dict>
			<key>fileEncoding</key>
			<string>4</string>
			<key>isa</key>
			<string>PBXFileReference</string>
			<key>lastKnownFileType</key>
			<string>sourcecode.c.h</string>
			<key>path</key>
			<string>GADAdSizeDelegate.h</string>
			<key>sourceTree</key>
			<string>&lt;group&gt;</string>
		</dict>
		<key>CC4D3C891A7A0F08002DE13D</key>
		<dict>
			<key>fileEncoding</key>
			<string>4</string>
			<key>isa</key>
			<string>PBXFileReference</string>
			<key>lastKnownFileType</key>
			<string>sourcecode.c.h</string>
			<key>path</key>
			<string>GADAppEventDelegate.h</string>
			<key>sourceTree</key>
			<string>&lt;group&gt;</string>
		</dict>
		<key>CC4D3C8A1A7A0F08002DE13D</key>
		<dict>
			<key>fileEncoding</key>
			<string>4</string>
			<key>isa</key>
			<string>PBXFileReference</string>
			<key>lastKnownFileType</key>
			<string>sourcecode.c.h</string>
			<key>path</key>
			<string>GADSwipeableBannerViewDelegate.h</string>
			<key>sourceTree</key>
			<string>&lt;group&gt;</string>
		</dict>
		<key>CC4D3C8B1A7A0F08002DE13D</key>
		<dict>
			<key>children</key>
			<array>
				<string>CC4D3C8C1A7A0F08002DE13D</string>
				<string>CC4D3C8D1A7A0F08002DE13D</string>
				<string>CC4D3C8E1A7A0F08002DE13D</string>
				<string>CC4D3C8F1A7A0F08002DE13D</string>
				<string>CC4D3C901A7A0F08002DE13D</string>
				<string>CC4D3C911A7A0F08002DE13D</string>
			</array>
			<key>isa</key>
			<string>PBXGroup</string>
			<key>path</key>
			<string>Mediation</string>
			<key>sourceTree</key>
			<string>&lt;group&gt;</string>
		</dict>
		<key>CC4D3C8C1A7A0F08002DE13D</key>
		<dict>
			<key>fileEncoding</key>
			<string>4</string>
			<key>isa</key>
			<string>PBXFileReference</string>
			<key>lastKnownFileType</key>
			<string>sourcecode.c.h</string>
			<key>path</key>
			<string>GADCustomEventBanner.h</string>
			<key>sourceTree</key>
			<string>&lt;group&gt;</string>
		</dict>
		<key>CC4D3C8D1A7A0F08002DE13D</key>
		<dict>
			<key>fileEncoding</key>
			<string>4</string>
			<key>isa</key>
			<string>PBXFileReference</string>
			<key>lastKnownFileType</key>
			<string>sourcecode.c.h</string>
			<key>path</key>
			<string>GADCustomEventBannerDelegate.h</string>
			<key>sourceTree</key>
			<string>&lt;group&gt;</string>
		</dict>
		<key>CC4D3C8E1A7A0F08002DE13D</key>
		<dict>
			<key>fileEncoding</key>
			<string>4</string>
			<key>isa</key>
			<string>PBXFileReference</string>
			<key>lastKnownFileType</key>
			<string>sourcecode.c.h</string>
			<key>path</key>
			<string>GADCustomEventExtras.h</string>
			<key>sourceTree</key>
			<string>&lt;group&gt;</string>
		</dict>
		<key>CC4D3C8F1A7A0F08002DE13D</key>
		<dict>
			<key>fileEncoding</key>
			<string>4</string>
			<key>isa</key>
			<string>PBXFileReference</string>
			<key>lastKnownFileType</key>
			<string>sourcecode.c.h</string>
			<key>path</key>
			<string>GADCustomEventInterstitial.h</string>
			<key>sourceTree</key>
			<string>&lt;group&gt;</string>
		</dict>
		<key>CC4D3C901A7A0F08002DE13D</key>
		<dict>
			<key>fileEncoding</key>
			<string>4</string>
			<key>isa</key>
			<string>PBXFileReference</string>
			<key>lastKnownFileType</key>
			<string>sourcecode.c.h</string>
			<key>path</key>
			<string>GADCustomEventInterstitialDelegate.h</string>
			<key>sourceTree</key>
			<string>&lt;group&gt;</string>
		</dict>
		<key>CC4D3C911A7A0F08002DE13D</key>
		<dict>
			<key>fileEncoding</key>
			<string>4</string>
			<key>isa</key>
			<string>PBXFileReference</string>
			<key>lastKnownFileType</key>
			<string>sourcecode.c.h</string>
			<key>path</key>
			<string>GADCustomEventRequest.h</string>
			<key>sourceTree</key>
			<string>&lt;group&gt;</string>
		</dict>
		<key>CC4D3C921A7A0F08002DE13D</key>
		<dict>
			<key>children</key>
			<array>
				<string>CC4D3C931A7A0F08002DE13D</string>
				<string>CC4D3C941A7A0F08002DE13D</string>
			</array>
			<key>isa</key>
			<string>PBXGroup</string>
			<key>path</key>
			<string>Search</string>
			<key>sourceTree</key>
			<string>&lt;group&gt;</string>
		</dict>
		<key>CC4D3C931A7A0F08002DE13D</key>
		<dict>
			<key>fileEncoding</key>
			<string>4</string>
			<key>isa</key>
			<string>PBXFileReference</string>
			<key>lastKnownFileType</key>
			<string>sourcecode.c.h</string>
			<key>path</key>
			<string>GADSearchBannerView.h</string>
			<key>sourceTree</key>
			<string>&lt;group&gt;</string>
		</dict>
		<key>CC4D3C941A7A0F08002DE13D</key>
		<dict>
			<key>fileEncoding</key>
			<string>4</string>
			<key>isa</key>
			<string>PBXFileReference</string>
			<key>lastKnownFileType</key>
			<string>sourcecode.c.h</string>
			<key>path</key>
			<string>GADSearchRequest.h</string>
			<key>sourceTree</key>
			<string>&lt;group&gt;</string>
		</dict>
		<key>CC4D3C951A7A0F08002DE13D</key>
		<dict>
			<key>fileEncoding</key>
			<string>4</string>
			<key>isa</key>
			<string>PBXFileReference</string>
			<key>lastKnownFileType</key>
			<string>sourcecode.c.h</string>
			<key>path</key>
			<string>GADAdMobExtras.h</string>
			<key>sourceTree</key>
			<string>&lt;group&gt;</string>
		</dict>
		<key>CC4D3C961A7A0F08002DE13D</key>
		<dict>
			<key>fileEncoding</key>
			<string>4</string>
			<key>isa</key>
			<string>PBXFileReference</string>
			<key>lastKnownFileType</key>
			<string>sourcecode.c.h</string>
			<key>path</key>
			<string>GADAdNetworkExtras.h</string>
			<key>sourceTree</key>
			<string>&lt;group&gt;</string>
		</dict>
		<key>CC4D3C971A7A0F08002DE13D</key>
		<dict>
			<key>fileEncoding</key>
			<string>4</string>
			<key>isa</key>
			<string>PBXFileReference</string>
			<key>lastKnownFileType</key>
			<string>sourcecode.c.h</string>
			<key>path</key>
			<string>GADAdSize.h</string>
			<key>sourceTree</key>
			<string>&lt;group&gt;</string>
		</dict>
		<key>CC4D3C981A7A0F08002DE13D</key>
		<dict>
			<key>fileEncoding</key>
			<string>4</string>
			<key>isa</key>
			<string>PBXFileReference</string>
			<key>lastKnownFileType</key>
			<string>sourcecode.c.h</string>
			<key>path</key>
			<string>GADBannerView.h</string>
			<key>sourceTree</key>
			<string>&lt;group&gt;</string>
		</dict>
		<key>CC4D3C991A7A0F08002DE13D</key>
		<dict>
			<key>fileEncoding</key>
			<string>4</string>
			<key>isa</key>
			<string>PBXFileReference</string>
			<key>lastKnownFileType</key>
			<string>sourcecode.c.h</string>
			<key>path</key>
			<string>GADBannerViewDelegate.h</string>
			<key>sourceTree</key>
			<string>&lt;group&gt;</string>
		</dict>
		<key>CC4D3C9A1A7A0F08002DE13D</key>
		<dict>
			<key>fileEncoding</key>
			<string>4</string>
			<key>isa</key>
			<string>PBXFileReference</string>
			<key>lastKnownFileType</key>
			<string>sourcecode.c.h</string>
			<key>path</key>
			<string>GADInAppPurchase.h</string>
			<key>sourceTree</key>
			<string>&lt;group&gt;</string>
		</dict>
		<key>CC4D3C9B1A7A0F08002DE13D</key>
		<dict>
			<key>fileEncoding</key>
			<string>4</string>
			<key>isa</key>
			<string>PBXFileReference</string>
			<key>lastKnownFileType</key>
			<string>sourcecode.c.h</string>
			<key>path</key>
			<string>GADInAppPurchaseDelegate.h</string>
			<key>sourceTree</key>
			<string>&lt;group&gt;</string>
		</dict>
		<key>CC4D3C9C1A7A0F08002DE13D</key>
		<dict>
			<key>fileEncoding</key>
			<string>4</string>
			<key>isa</key>
			<string>PBXFileReference</string>
			<key>lastKnownFileType</key>
			<string>sourcecode.c.h</string>
			<key>path</key>
			<string>GADInterstitial.h</string>
			<key>sourceTree</key>
			<string>&lt;group&gt;</string>
		</dict>
		<key>CC4D3C9D1A7A0F08002DE13D</key>
		<dict>
			<key>fileEncoding</key>
			<string>4</string>
			<key>isa</key>
			<string>PBXFileReference</string>
			<key>lastKnownFileType</key>
			<string>sourcecode.c.h</string>
			<key>path</key>
			<string>GADInterstitialDelegate.h</string>
			<key>sourceTree</key>
			<string>&lt;group&gt;</string>
		</dict>
		<key>CC4D3C9E1A7A0F08002DE13D</key>
		<dict>
			<key>fileEncoding</key>
			<string>4</string>
			<key>isa</key>
			<string>PBXFileReference</string>
			<key>lastKnownFileType</key>
			<string>sourcecode.c.h</string>
			<key>path</key>
			<string>GADModules.h</string>
			<key>sourceTree</key>
			<string>&lt;group&gt;</string>
		</dict>
		<key>CC4D3C9F1A7A0F08002DE13D</key>
		<dict>
			<key>fileEncoding</key>
			<string>4</string>
			<key>isa</key>
			<string>PBXFileReference</string>
			<key>lastKnownFileType</key>
			<string>sourcecode.c.h</string>
			<key>path</key>
			<string>GADRequest.h</string>
			<key>sourceTree</key>
			<string>&lt;group&gt;</string>
		</dict>
		<key>CC4D3CA01A7A0F08002DE13D</key>
		<dict>
			<key>fileEncoding</key>
			<string>4</string>
			<key>isa</key>
			<string>PBXFileReference</string>
			<key>lastKnownFileType</key>
			<string>sourcecode.c.h</string>
			<key>path</key>
			<string>GADRequestError.h</string>
			<key>sourceTree</key>
			<string>&lt;group&gt;</string>
		</dict>
		<key>CC4D3CA11A7A0F08002DE13D</key>
		<dict>
			<key>isa</key>
			<string>PBXFileReference</string>
			<key>lastKnownFileType</key>
			<string>archive.ar</string>
			<key>path</key>
			<string>libGoogleAdMobAds.a</string>
			<key>sourceTree</key>
			<string>&lt;group&gt;</string>
		</dict>
		<key>CC4D3CA21A7A0F08002DE13D</key>
		<dict>
			<key>fileEncoding</key>
			<string>4</string>
			<key>isa</key>
			<string>PBXFileReference</string>
			<key>lastKnownFileType</key>
			<string>text</string>
			<key>path</key>
			<string>README.txt</string>
			<key>sourceTree</key>
			<string>&lt;group&gt;</string>
		</dict>
		<key>CC4D3CA31A7A0F08002DE13D</key>
		<dict>
			<key>fileRef</key>
			<string>CC4D3CA11A7A0F08002DE13D</string>
			<key>isa</key>
			<string>PBXBuildFile</string>
		</dict>
		<key>CC4D3CA41A7A0F09002DE13D</key>
		<dict>
			<key>fileRef</key>
			<string>CC4D3CA21A7A0F08002DE13D</string>
			<key>isa</key>
			<string>PBXBuildFile</string>
		</dict>
		<key>CC4D3CA51A7A0FA5002DE13D</key>
		<dict>
			<key>isa</key>
			<string>PBXFileReference</string>
			<key>lastKnownFileType</key>
			<string>wrapper.framework</string>
			<key>name</key>
			<string>AdSupport.framework</string>
			<key>path</key>
			<string>System/Library/Frameworks/AdSupport.framework</string>
			<key>sourceTree</key>
			<string>SDKROOT</string>
		</dict>
		<key>CC4D3CA61A7A0FA5002DE13D</key>
		<dict>
			<key>isa</key>
			<string>PBXFileReference</string>
			<key>lastKnownFileType</key>
			<string>wrapper.framework</string>
			<key>name</key>
			<string>AudioToolbox.framework</string>
			<key>path</key>
			<string>System/Library/Frameworks/AudioToolbox.framework</string>
			<key>sourceTree</key>
			<string>SDKROOT</string>
		</dict>
		<key>CC4D3CA71A7A0FA5002DE13D</key>
		<dict>
			<key>isa</key>
			<string>PBXFileReference</string>
			<key>lastKnownFileType</key>
			<string>wrapper.framework</string>
			<key>name</key>
			<string>AVFoundation.framework</string>
			<key>path</key>
			<string>System/Library/Frameworks/AVFoundation.framework</string>
			<key>sourceTree</key>
			<string>SDKROOT</string>
		</dict>
		<key>CC4D3CA81A7A0FA5002DE13D</key>
		<dict>
			<key>isa</key>
			<string>PBXFileReference</string>
			<key>lastKnownFileType</key>
			<string>wrapper.framework</string>
			<key>name</key>
			<string>CoreFoundation.framework</string>
			<key>path</key>
			<string>System/Library/Frameworks/CoreFoundation.framework</string>
			<key>sourceTree</key>
			<string>SDKROOT</string>
		</dict>
		<key>CC4D3CA91A7A0FA5002DE13D</key>
		<dict>
			<key>isa</key>
			<string>PBXFileReference</string>
			<key>lastKnownFileType</key>
			<string>wrapper.framework</string>
			<key>name</key>
			<string>CoreTelephony.framework</string>
			<key>path</key>
			<string>System/Library/Frameworks/CoreTelephony.framework</string>
			<key>sourceTree</key>
			<string>SDKROOT</string>
		</dict>
		<key>CC4D3CAA1A7A0FA5002DE13D</key>
		<dict>
			<key>isa</key>
			<string>PBXFileReference</string>
			<key>lastKnownFileType</key>
			<string>wrapper.framework</string>
			<key>name</key>
			<string>MessageUI.framework</string>
			<key>path</key>
			<string>System/Library/Frameworks/MessageUI.framework</string>
			<key>sourceTree</key>
			<string>SDKROOT</string>
		</dict>
		<key>CC4D3CAB1A7A0FA5002DE13D</key>
		<dict>
			<key>isa</key>
			<string>PBXFileReference</string>
			<key>lastKnownFileType</key>
			<string>wrapper.framework</string>
			<key>name</key>
			<string>StoreKit.framework</string>
			<key>path</key>
			<string>System/Library/Frameworks/StoreKit.framework</string>
			<key>sourceTree</key>
			<string>SDKROOT</string>
		</dict>
		<key>CC4D3CAC1A7A0FA5002DE13D</key>
		<dict>
			<key>isa</key>
			<string>PBXFileReference</string>
			<key>lastKnownFileType</key>
			<string>wrapper.framework</string>
			<key>name</key>
			<string>SystemConfiguration.framework</string>
			<key>path</key>
			<string>System/Library/Frameworks/SystemConfiguration.framework</string>
			<key>sourceTree</key>
			<string>SDKROOT</string>
		</dict>
		<key>CC4D3CAD1A7A0FA5002DE13D</key>
		<dict>
			<key>fileRef</key>
			<string>CC4D3CA51A7A0FA5002DE13D</string>
			<key>isa</key>
			<string>PBXBuildFile</string>
		</dict>
		<key>CC4D3CAE1A7A0FA5002DE13D</key>
		<dict>
			<key>fileRef</key>
			<string>CC4D3CA61A7A0FA5002DE13D</string>
			<key>isa</key>
			<string>PBXBuildFile</string>
		</dict>
		<key>CC4D3CAF1A7A0FA5002DE13D</key>
		<dict>
			<key>fileRef</key>
			<string>CC4D3CA71A7A0FA5002DE13D</string>
			<key>isa</key>
			<string>PBXBuildFile</string>
		</dict>
		<key>CC4D3CB01A7A0FA5002DE13D</key>
		<dict>
			<key>fileRef</key>
			<string>CC4D3CA81A7A0FA5002DE13D</string>
			<key>isa</key>
			<string>PBXBuildFile</string>
		</dict>
		<key>CC4D3CB11A7A0FA5002DE13D</key>
		<dict>
			<key>fileRef</key>
			<string>CC4D3CA91A7A0FA5002DE13D</string>
			<key>isa</key>
			<string>PBXBuildFile</string>
		</dict>
		<key>CC4D3CB21A7A0FA5002DE13D</key>
		<dict>
			<key>fileRef</key>
			<string>CC4D3CAA1A7A0FA5002DE13D</string>
			<key>isa</key>
			<string>PBXBuildFile</string>
		</dict>
		<key>CC4D3CB31A7A0FA5002DE13D</key>
		<dict>
			<key>fileRef</key>
			<string>CC4D3CAB1A7A0FA5002DE13D</string>
			<key>isa</key>
			<string>PBXBuildFile</string>
		</dict>
		<key>CC4D3CB41A7A0FA5002DE13D</key>
		<dict>
			<key>fileRef</key>
			<string>CC4D3CAC1A7A0FA5002DE13D</string>
			<key>isa</key>
			<string>PBXBuildFile</string>
		</dict>
		<key>CCEA42521A7F792D0051FE9E</key>
		<dict>
			<key>children</key>
			<array>
				<string>13e1c46dd58b4ec4c227f06e</string>
				<string>53d6d767d978d8d6dca8b817</string>
			</array>
			<key>isa</key>
			<string>PBXGroup</string>
			<key>name</key>
			<string>Frameworks</string>
			<key>path</key>
			<string></string>
			<key>sourceTree</key>
			<string>&lt;group&gt;</string>
		</dict>
		<key>a1d129e4c09694fa82bdf32a</key>
		<dict>
			<key>fileRef</key>
			<string>CC4D3CA11A7A0F08002DE13D</string>
			<key>isa</key>
			<string>PBXBuildFile</string>
		</dict>
		<key>ac4bc4c6b20cb8dbce827338</key>
		<dict>
			<key>fileRef</key>
			<string>CC4D3CA61A7A0FA5002DE13D</string>
			<key>isa</key>
			<string>PBXBuildFile</string>
		</dict>
		<key>bff86b81a0a1bb57deccf202</key>
		<dict>
			<key>fileRef</key>
			<string>53d6d767d978d8d6dca8b817</string>
			<key>isa</key>
			<string>PBXBuildFile</string>
		</dict>
		<key>dd2358eb7b58c8d14ca4cc8a</key>
		<dict>
			<key>explicitFileType</key>
			<string>wrapper.application</string>
			<key>includeInIndex</key>
			<string>0</string>
			<key>isa</key>
			<string>PBXFileReference</string>
			<key>path</key>
			<string>AdMobBannerTest-cal.app</string>
			<key>sourceTree</key>
			<string>BUILT_PRODUCTS_DIR</string>
		</dict>
		<key>e625bc85110acfa04d0364ea</key>
		<dict>
			<key>buildActionMask</key>
			<string>2147483647</string>
			<key>files</key>
			<array>
				<string>f51e4611e5921d9c970d2c76</string>
				<string>1b23adcc5c10bae33b0fea1f</string>
				<string>15659a51b1a617a35fa95c7f</string>
				<string>1f7b9e63da3e26a0d292d82f</string>
			</array>
			<key>isa</key>
			<string>PBXResourcesBuildPhase</string>
			<key>runOnlyForDeploymentPostprocessing</key>
			<string>0</string>
		</dict>
		<key>f51e4611e5921d9c970d2c76</key>
		<dict>
			<key>fileRef</key>
			<string>CC4126A81A78B44E0060434C</string>
			<key>isa</key>
			<string>PBXBuildFile</string>
		</dict>
		<key>fc62bf43b085b306036cd950</key>
		<dict>
			<key>buildSettings</key>
			<dict>
				<key>ASSETCATALOG_COMPILER_APPICON_NAME</key>
				<string>AppIcon</string>
				<key>FRAMEWORK_SEARCH_PATHS</key>
				<array>
					<string>$(inherited)</string>
					<string>"$(SRCROOT)"</string>
				</array>
				<key>INFOPLIST_FILE</key>
				<string>AdMobBannerTest/Info.plist</string>
				<key>LD_RUNPATH_SEARCH_PATHS</key>
				<string>$(inherited) @executable_path/Frameworks</string>
				<key>LIBRARY_SEARCH_PATHS</key>
				<array>
					<string>$(inherited)</string>
					<string>/Users/zAthan/Downloads/GoogleMobileAdsSdkiOS-6.12.2</string>
				</array>
				<key>OTHER_LDFLAGS</key>
				<array>
					<string>$(inherited)</string>
					<string>-force_load</string>
					<string>"$(SRCROOT)/calabash.framework/calabash"</string>
					<string>-lstdc++</string>
				</array>
				<key>PRODUCT_NAME</key>
				<string>$(TARGET_NAME)</string>
			</dict>
			<key>isa</key>
			<string>XCBuildConfiguration</string>
			<key>name</key>
			<string>Release</string>
		</dict>
	</dict>
	<key>rootObject</key>
	<string>CC4126931A78B44E0060434C</string>
</dict>
</plist>
